
Microsoft Visual Studio Solution File, Format Version 12.00
# Visual Studio Version 17
VisualStudioVersion = 17.7.34031.279
MinimumVisualStudioVersion = 10.0.40219.1
Project("{FAE04EC0-301F-11D3-BF4B-00C04F79EFBC}") = "gametest", "gametest.csproj", "{567F9BB3-1A53-49CC-8F8E-0E9327531288}"
EndProject
Global
	GlobalSection(SolutionConfigurationPlatforms) = preSolution
		Debug|Any CPU = Debug|Any CPU
		Release|Any CPU = Release|Any CPU
	EndGlobalSection
	GlobalSection(ProjectConfigurationPlatforms) = postSolution
		{567F9BB3-1A53-49CC-8F8E-0E9327531288}.Debug|Any CPU.ActiveCfg = Debug|Any CPU
		{567F9BB3-1A53-49CC-8F8E-0E9327531288}.Debug|Any CPU.Build.0 = Debug|Any CPU
		{567F9BB3-1A53-49CC-8F8E-0E9327531288}.Release|Any CPU.ActiveCfg = Release|Any CPU
		{567F9BB3-1A53-49CC-8F8E-0E9327531288}.Release|Any CPU.Build.0 = Release|Any CPU
	EndGlobalSection
	GlobalSection(SolutionProperties) = preSolution
		HideSolutionNode = FALSE
	EndGlobalSection
	GlobalSection(ExtensibilityGlobals) = postSolution
		SolutionGuid = {66ECE225-E561-4C49-B97D-3F01B4DF95FF}
	EndGlobalSection
EndGlobal
